
Microsoft Visual Studio Solution File, Format Version 12.00
# Visual Studio Version 16
VisualStudioVersion = 16.0.30804.86
MinimumVisualStudioVersion = 10.0.40219.1
Project("{FAE04EC0-301F-11D3-BF4B-00C04F79EFBC}") = "UsingDictionary", "UsingDictionary\UsingDictionary.csproj", "{4355F519-48CD-4E28-B4EA-D6A04607B87E}"
EndProject
Global
	GlobalSection(SolutionConfigurationPlatforms) = preSolution
		Debug|Any CPU = Debug|Any CPU
		Release|Any CPU = Release|Any CPU
	EndGlobalSection
	GlobalSection(ProjectConfigurationPlatforms) = postSolution
		{4355F519-48CD-4E28-B4EA-D6A04607B87E}.Debug|Any CPU.ActiveCfg = Debug|Any CPU
		{4355F519-48CD-4E28-B4EA-D6A04607B87E}.Debug|Any CPU.Build.0 = Debug|Any CPU
		{4355F519-48CD-4E28-B4EA-D6A04607B87E}.Release|Any CPU.ActiveCfg = Release|Any CPU
		{4355F519-48CD-4E28-B4EA-D6A04607B87E}.Release|Any CPU.Build.0 = Release|Any CPU
	EndGlobalSection
	GlobalSection(SolutionProperties) = preSolution
		HideSolutionNode = FALSE
	EndGlobalSection
	GlobalSection(ExtensibilityGlobals) = postSolution
		SolutionGuid = {636E8C12-CA1F-475D-BE5D-8DBF6E383C70}
	EndGlobalSection
EndGlobal
